
Microsoft Visual Studio Solution File, Format Version 12.00
# Visual Studio 2012
Project("{2150E333-8FDC-42A3-9474-1A3956D46DE8}") = "1.ExtLibs", "1.ExtLibs", "{DB881DA9-E204-4926-9B33-0656D6625447}"
EndProject
Project("{2150E333-8FDC-42A3-9474-1A3956D46DE8}") = "2.Framework", "2.Framework", "{BA078134-D92C-4A75-A5A2-428C61FC6F80}"
	ProjectSection(SolutionItems) = preProject
		2.Framework\Application.h = 2.Framework\Application.h
		2.Framework\Net.h = 2.Framework\Net.h
		2.Framework\Utility.h = 2.Framework\Utility.h
	EndProjectSection
EndProject
Project("{2150E333-8FDC-42A3-9474-1A3956D46DE8}") = "3.Projects", "3.Projects", "{1549CEA1-7470-4412-8A42-77A3FF4A8133}"
EndProject
Project("{8BC9CEB8-8B4A-11D0-8D11-00A0C91BC942}") = "libuv", "1.ExtLibs\libuv\libuv.vcxproj", "{66253F3B-24E6-4B3E-9102-D7C12C92E895}"
EndProject
Project("{8BC9CEB8-8B4A-11D0-8D11-00A0C91BC942}") = "Net", "2.Framework\Net\Net.vcxproj", "{19CC3428-3946-4337-B7F8-F5F0F6D10024}"
	ProjectSection(ProjectDependencies) = postProject
		{66253F3B-24E6-4B3E-9102-D7C12C92E895} = {66253F3B-24E6-4B3E-9102-D7C12C92E895}
		{122A2EA4-B283-4241-9655-786DE78283B2} = {122A2EA4-B283-4241-9655-786DE78283B2}
	EndProjectSection
EndProject
Project("{8BC9CEB8-8B4A-11D0-8D11-00A0C91BC942}") = "TestUnit", "3.Projects\TestUnit\TestUnit.vcxproj", "{180652A6-B671-4CB6-AA28-30D96B139620}"
EndProject
Project("{8BC9CEB8-8B4A-11D0-8D11-00A0C91BC942}") = "Utility", "2.Framework\Utility\Utility.vcxproj", "{8C423FCE-BBC3-4DA4-A1DA-65111429F1CB}"
EndProject
Project("{8BC9CEB8-8B4A-11D0-8D11-00A0C91BC942}") = "Server", "3.Projects\Server\Server.vcxproj", "{37F13734-08C4-42F7-A241-AC4784BECED3}"
	ProjectSection(ProjectDependencies) = postProject
		{19CC3428-3946-4337-B7F8-F5F0F6D10024} = {19CC3428-3946-4337-B7F8-F5F0F6D10024}
		{66253F3B-24E6-4B3E-9102-D7C12C92E895} = {66253F3B-24E6-4B3E-9102-D7C12C92E895}
		{8C423FCE-BBC3-4DA4-A1DA-65111429F1CB} = {8C423FCE-BBC3-4DA4-A1DA-65111429F1CB}
		{FB8AF3E0-E8B2-4D90-83D1-FA629EFBF76D} = {FB8AF3E0-E8B2-4D90-83D1-FA629EFBF76D}
	EndProjectSection
EndProject
Project("{8BC9CEB8-8B4A-11D0-8D11-00A0C91BC942}") = "Client", "3.Projects\Client\Client.vcxproj", "{660012AC-D211-4B83-BE7F-7D4FDB97244B}"
	ProjectSection(ProjectDependencies) = postProject
		{19CC3428-3946-4337-B7F8-F5F0F6D10024} = {19CC3428-3946-4337-B7F8-F5F0F6D10024}
		{66253F3B-24E6-4B3E-9102-D7C12C92E895} = {66253F3B-24E6-4B3E-9102-D7C12C92E895}
		{8C423FCE-BBC3-4DA4-A1DA-65111429F1CB} = {8C423FCE-BBC3-4DA4-A1DA-65111429F1CB}
		{FB8AF3E0-E8B2-4D90-83D1-FA629EFBF76D} = {FB8AF3E0-E8B2-4D90-83D1-FA629EFBF76D}
	EndProjectSection
EndProject
Project("{8BC9CEB8-8B4A-11D0-8D11-00A0C91BC942}") = "libmsgpack", "1.ExtLibs\libmsgpack\libmsgpack.vcxproj", "{122A2EA4-B283-4241-9655-786DE78283B2}"
EndProject
Project("{8BC9CEB8-8B4A-11D0-8D11-00A0C91BC942}") = "Application", "2.Framework\Application\Application.vcxproj", "{FB8AF3E0-E8B2-4D90-83D1-FA629EFBF76D}"
EndProject
Global
	GlobalSection(SolutionConfigurationPlatforms) = preSolution
		Debug|Win32 = Debug|Win32
		Release|Win32 = Release|Win32
	EndGlobalSection
	GlobalSection(ProjectConfigurationPlatforms) = postSolution
		{66253F3B-24E6-4B3E-9102-D7C12C92E895}.Debug|Win32.ActiveCfg = Debug|Win32
		{66253F3B-24E6-4B3E-9102-D7C12C92E895}.Debug|Win32.Build.0 = Debug|Win32
		{66253F3B-24E6-4B3E-9102-D7C12C92E895}.Release|Win32.ActiveCfg = Release|Win32
		{66253F3B-24E6-4B3E-9102-D7C12C92E895}.Release|Win32.Build.0 = Release|Win32
		{19CC3428-3946-4337-B7F8-F5F0F6D10024}.Debug|Win32.ActiveCfg = Debug|Win32
		{19CC3428-3946-4337-B7F8-F5F0F6D10024}.Debug|Win32.Build.0 = Debug|Win32
		{19CC3428-3946-4337-B7F8-F5F0F6D10024}.Release|Win32.ActiveCfg = Release|Win32
		{19CC3428-3946-4337-B7F8-F5F0F6D10024}.Release|Win32.Build.0 = Release|Win32
		{180652A6-B671-4CB6-AA28-30D96B139620}.Debug|Win32.ActiveCfg = Debug|Win32
		{180652A6-B671-4CB6-AA28-30D96B139620}.Debug|Win32.Build.0 = Debug|Win32
		{180652A6-B671-4CB6-AA28-30D96B139620}.Release|Win32.ActiveCfg = Release|Win32
		{180652A6-B671-4CB6-AA28-30D96B139620}.Release|Win32.Build.0 = Release|Win32
		{8C423FCE-BBC3-4DA4-A1DA-65111429F1CB}.Debug|Win32.ActiveCfg = Debug|Win32
		{8C423FCE-BBC3-4DA4-A1DA-65111429F1CB}.Debug|Win32.Build.0 = Debug|Win32
		{8C423FCE-BBC3-4DA4-A1DA-65111429F1CB}.Release|Win32.ActiveCfg = Release|Win32
		{8C423FCE-BBC3-4DA4-A1DA-65111429F1CB}.Release|Win32.Build.0 = Release|Win32
		{37F13734-08C4-42F7-A241-AC4784BECED3}.Debug|Win32.ActiveCfg = Debug|Win32
		{37F13734-08C4-42F7-A241-AC4784BECED3}.Debug|Win32.Build.0 = Debug|Win32
		{37F13734-08C4-42F7-A241-AC4784BECED3}.Release|Win32.ActiveCfg = Release|Win32
		{37F13734-08C4-42F7-A241-AC4784BECED3}.Release|Win32.Build.0 = Release|Win32
		{660012AC-D211-4B83-BE7F-7D4FDB97244B}.Debug|Win32.ActiveCfg = Debug|Win32
		{660012AC-D211-4B83-BE7F-7D4FDB97244B}.Debug|Win32.Build.0 = Debug|Win32
		{660012AC-D211-4B83-BE7F-7D4FDB97244B}.Release|Win32.ActiveCfg = Release|Win32
		{660012AC-D211-4B83-BE7F-7D4FDB97244B}.Release|Win32.Build.0 = Release|Win32
		{122A2EA4-B283-4241-9655-786DE78283B2}.Debug|Win32.ActiveCfg = Debug|Win32
		{122A2EA4-B283-4241-9655-786DE78283B2}.Debug|Win32.Build.0 = Debug|Win32
		{122A2EA4-B283-4241-9655-786DE78283B2}.Release|Win32.ActiveCfg = Release|Win32
		{122A2EA4-B283-4241-9655-786DE78283B2}.Release|Win32.Build.0 = Release|Win32
		{FB8AF3E0-E8B2-4D90-83D1-FA629EFBF76D}.Debug|Win32.ActiveCfg = Debug|Win32
		{FB8AF3E0-E8B2-4D90-83D1-FA629EFBF76D}.Debug|Win32.Build.0 = Debug|Win32
		{FB8AF3E0-E8B2-4D90-83D1-FA629EFBF76D}.Release|Win32.ActiveCfg = Release|Win32
		{FB8AF3E0-E8B2-4D90-83D1-FA629EFBF76D}.Release|Win32.Build.0 = Release|Win32
	EndGlobalSection
	GlobalSection(SolutionProperties) = preSolution
		HideSolutionNode = FALSE
	EndGlobalSection
	GlobalSection(NestedProjects) = preSolution
		{66253F3B-24E6-4B3E-9102-D7C12C92E895} = {DB881DA9-E204-4926-9B33-0656D6625447}
		{122A2EA4-B283-4241-9655-786DE78283B2} = {DB881DA9-E204-4926-9B33-0656D6625447}
		{19CC3428-3946-4337-B7F8-F5F0F6D10024} = {BA078134-D92C-4A75-A5A2-428C61FC6F80}
		{8C423FCE-BBC3-4DA4-A1DA-65111429F1CB} = {BA078134-D92C-4A75-A5A2-428C61FC6F80}
		{FB8AF3E0-E8B2-4D90-83D1-FA629EFBF76D} = {BA078134-D92C-4A75-A5A2-428C61FC6F80}
		{180652A6-B671-4CB6-AA28-30D96B139620} = {1549CEA1-7470-4412-8A42-77A3FF4A8133}
		{37F13734-08C4-42F7-A241-AC4784BECED3} = {1549CEA1-7470-4412-8A42-77A3FF4A8133}
		{660012AC-D211-4B83-BE7F-7D4FDB97244B} = {1549CEA1-7470-4412-8A42-77A3FF4A8133}
	EndGlobalSection
EndGlobal
